
Microsoft Visual Studio Solution File, Format Version 12.00
# Visual Studio Version 17
VisualStudioVersion = 17.2.32630.192
MinimumVisualStudioVersion = 10.0.40219.1
Project("{9A19103F-16F7-4668-BE54-9A1E7A4F7556}") = "Huobi.Net", "Huobi.Net\Huobi.Net.csproj", "{A58E8B0F-D5E5-42D0-9BC1-9CFDDE192582}"
EndProject
Project("{9A19103F-16F7-4668-BE54-9A1E7A4F7556}") = "Huobi.Net.UnitTests", "Huobi.Net.UnitTests\Huobi.Net.UnitTests.csproj", "{AC3A5D12-F046-45D4-8815-4E4267FA4EE0}"
EndProject
Project("{9A19103F-16F7-4668-BE54-9A1E7A4F7556}") = "Huobi.Net.ConsoleClient", "Examples\Huobi.Net.ConsoleClient\Huobi.Net.ConsoleClient.csproj", "{D77C6799-DD0E-4EDF-AE1E-8C1300B98F5B}"
EndProject
Project("{9A19103F-16F7-4668-BE54-9A1E7A4F7556}") = "DemoConsoleClient", "DemoConsoleClient\DemoConsoleClient.csproj", "{AAFCAB6A-FAE8-4B0E-8BFA-62278FDECC1F}"
EndProject
Project("{9A19103F-16F7-4668-BE54-9A1E7A4F7556}") = "CryptoExchange.Net", "..\CryptoExchange.Net-5.3.1\CryptoExchange.Net\CryptoExchange.Net.csproj", "{E059BC8C-B2E3-42FD-8F97-70F299E0F9A4}"
EndProject
Global
	GlobalSection(SolutionConfigurationPlatforms) = preSolution
		Debug|Any CPU = Debug|Any CPU
		Release|Any CPU = Release|Any CPU
	EndGlobalSection
	GlobalSection(ProjectConfigurationPlatforms) = postSolution
		{A58E8B0F-D5E5-42D0-9BC1-9CFDDE192582}.Debug|Any CPU.ActiveCfg = Debug|Any CPU
		{A58E8B0F-D5E5-42D0-9BC1-9CFDDE192582}.Debug|Any CPU.Build.0 = Debug|Any CPU
		{A58E8B0F-D5E5-42D0-9BC1-9CFDDE192582}.Release|Any CPU.ActiveCfg = Release|Any CPU
		{A58E8B0F-D5E5-42D0-9BC1-9CFDDE192582}.Release|Any CPU.Build.0 = Release|Any CPU
		{AC3A5D12-F046-45D4-8815-4E4267FA4EE0}.Debug|Any CPU.ActiveCfg = Debug|Any CPU
		{AC3A5D12-F046-45D4-8815-4E4267FA4EE0}.Debug|Any CPU.Build.0 = Debug|Any CPU
		{AC3A5D12-F046-45D4-8815-4E4267FA4EE0}.Release|Any CPU.ActiveCfg = Release|Any CPU
		{AC3A5D12-F046-45D4-8815-4E4267FA4EE0}.Release|Any CPU.Build.0 = Release|Any CPU
		{D77C6799-DD0E-4EDF-AE1E-8C1300B98F5B}.Debug|Any CPU.ActiveCfg = Debug|Any CPU
		{D77C6799-DD0E-4EDF-AE1E-8C1300B98F5B}.Debug|Any CPU.Build.0 = Debug|Any CPU
		{D77C6799-DD0E-4EDF-AE1E-8C1300B98F5B}.Release|Any CPU.ActiveCfg = Release|Any CPU
		{D77C6799-DD0E-4EDF-AE1E-8C1300B98F5B}.Release|Any CPU.Build.0 = Release|Any CPU
		{AAFCAB6A-FAE8-4B0E-8BFA-62278FDECC1F}.Debug|Any CPU.ActiveCfg = Debug|Any CPU
		{AAFCAB6A-FAE8-4B0E-8BFA-62278FDECC1F}.Debug|Any CPU.Build.0 = Debug|Any CPU
		{AAFCAB6A-FAE8-4B0E-8BFA-62278FDECC1F}.Release|Any CPU.ActiveCfg = Release|Any CPU
		{AAFCAB6A-FAE8-4B0E-8BFA-62278FDECC1F}.Release|Any CPU.Build.0 = Release|Any CPU
		{E059BC8C-B2E3-42FD-8F97-70F299E0F9A4}.Debug|Any CPU.ActiveCfg = Debug|Any CPU
		{E059BC8C-B2E3-42FD-8F97-70F299E0F9A4}.Debug|Any CPU.Build.0 = Debug|Any CPU
		{E059BC8C-B2E3-42FD-8F97-70F299E0F9A4}.Release|Any CPU.ActiveCfg = Release|Any CPU
		{E059BC8C-B2E3-42FD-8F97-70F299E0F9A4}.Release|Any CPU.Build.0 = Release|Any CPU
	EndGlobalSection
	GlobalSection(SolutionProperties) = preSolution
		HideSolutionNode = FALSE
	EndGlobalSection
	GlobalSection(ExtensibilityGlobals) = postSolution
		SolutionGuid = {C6772B97-910A-4F07-B34E-D5C6097ED1FC}
	EndGlobalSection
EndGlobal
